{
  "name": "linql.client",
  "version": "1.0.0",
  "lockfileVersion": 3,
  "requires": true,
  "packages": {
    "": {
      "name": "linql.client",
      "version": "1.0.0",
      "license": "Custom",
      "dependencies": {
        "tslib": "^2.3.0"
      },
      "devDependencies": {
        "acorn": "^8.11.2",
        "acorn-walk": "^8.2.0",
        "linql.core": "^1.0.0-beta.1",
        "node-fetch": "^3.3.1"
      },
      "peerDependencies": {
        "acorn": "^8.11.2",
        "acorn-walk": "^8.2.0",
        "linql.core": "^1.0.0-beta.1",
        "node-fetch": "^3.3.1"
      }
    },
    "node_modules/acorn": {
      "version": "8.16.0",
      "resolved": "https://pkgs.dev.azure.com/inscriptrx/_packaging/org/npm/registry/acorn/-/acorn-8.16.0.tgz",
      "integrity": "sha1-TOecib5Ar+ev6POtuQKh8c6awIo=",
      "dev": true,
      "license": "MIT",
      "bin": {
        "acorn": "bin/acorn"
      },
      "engines": {
        "node": ">=0.4.0"
      }
    },
    "node_modules/acorn-walk": {
      "version": "8.3.5",
      "resolved": "https://pkgs.dev.azure.com/inscriptrx/_packaging/org/npm/registry/acorn-walk/-/acorn-walk-8.3.5.tgz",
      "integrity": "sha1-imuMqPxbNGha8V2rtEEYZjwpZJY=",
      "dev": true,
      "license": "MIT",
      "dependencies": {
        "acorn": "^8.11.0"
      },
      "engines": {
        "node": ">=0.4.0"
      }
    },
    "node_modules/data-uri-to-buffer": {
      "version": "4.0.1",
      "resolved": "https://pkgs.dev.azure.com/inscriptrx/_packaging/org/npm/registry/data-uri-to-buffer/-/data-uri-to-buffer-4.0.1.tgz",
      "integrity": "sha1-2P6ysogeak9YwuCKz9Dig04mIi4=",
      "dev": true,
      "license": "MIT",
      "engines": {
        "node": ">= 12"
      }
    },
    "node_modules/fetch-blob": {
      "version": "3.2.0",
      "resolved": "https://pkgs.dev.azure.com/inscriptrx/_packaging/org/npm/registry/fetch-blob/-/fetch-blob-3.2.0.tgz",
      "integrity": "sha1-8JuNS71Frcbwwgt+eH55PjCdzOk=",
      "dev": true,
      "funding": [
        {
          "type": "github",
          "url": "https://github.com/sponsors/jimmywarting"
        },
        {
          "type": "paypal",
          "url": "https://paypal.me/jimmywarting"
        }
      ],
      "license": "MIT",
      "dependencies": {
        "node-domexception": "^1.0.0",
        "web-streams-polyfill": "^3.0.3"
      },
      "engines": {
        "node": "^12.20 || >= 14.13"
      }
    },
    "node_modules/formdata-polyfill": {
      "version": "4.0.10",
      "resolved": "https://pkgs.dev.azure.com/inscriptrx/_packaging/org/npm/registry/formdata-polyfill/-/formdata-polyfill-4.0.10.tgz",
      "integrity": "sha1-JIB8McnUAuACqz2McgFEzriEhCM=",
      "dev": true,
      "license": "MIT",
      "dependencies": {
        "fetch-blob": "^3.1.2"
      },
      "engines": {
        "node": ">=12.20.0"
      }
    },
    "node_modules/linql.core": {
      "version": "1.0.0-beta.8062",
      "resolved": "https://pkgs.dev.azure.com/inscriptrx/_packaging/org/npm/registry/linql.core/-/linql.core-1.0.0-beta.8062.tgz",
      "integrity": "sha1-CFsarLWbt/HwrTcbAbQRQwYk/3o=",
      "dev": true,
      "license": "Custom",
      "dependencies": {
        "tslib": "^2.3.0"
      }
    },
    "node_modules/node-domexception": {
      "version": "1.0.0",
      "resolved": "https://pkgs.dev.azure.com/inscriptrx/_packaging/org/npm/registry/node-domexception/-/node-domexception-1.0.0.tgz",
      "integrity": "sha1-aIjbRqH3HAt2s/dVUBa2P+ZHZuU=",
      "dev": true,
      "funding": [
        {
          "type": "github",
          "url": "https://github.com/sponsors/jimmywarting"
        },
        {
          "type": "github",
          "url": "https://paypal.me/jimmywarting"
        }
      ],
      "license": "MIT",
      "engines": {
        "node": ">=10.5.0"
      }
    },
    "node_modules/node-fetch": {
      "version": "3.3.2",
      "resolved": "https://pkgs.dev.azure.com/inscriptrx/_packaging/org/npm/registry/node-fetch/-/node-fetch-3.3.2.tgz",
      "integrity": "sha1-0eiJus33M7T/OyskPrehKGagt4s=",
      "dev": true,
      "license": "MIT",
      "dependencies": {
        "data-uri-to-buffer": "^4.0.0",
        "fetch-blob": "^3.1.4",
        "formdata-polyfill": "^4.0.10"
      },
      "engines": {
        "node": "^12.20.0 || ^14.13.1 || >=16.0.0"
      },
      "funding": {
        "type": "opencollective",
        "url": "https://opencollective.com/node-fetch"
      }
    },
    "node_modules/tslib": {
      "version": "2.8.1",
      "resolved": "https://pkgs.dev.azure.com/inscriptrx/_packaging/org/npm/registry/tslib/-/tslib-2.8.1.tgz",
      "integrity": "sha1-YS7+TtI11Wfoq6Xypfq3AoCt6D8=",
      "license": "0BSD"
    },
    "node_modules/web-streams-polyfill": {
      "version": "3.3.3",
      "resolved": "https://pkgs.dev.azure.com/inscriptrx/_packaging/org/npm/registry/web-streams-polyfill/-/web-streams-polyfill-3.3.3.tgz",
      "integrity": "sha1-IHO5Gi/bH7+9QB594KyfghTOy0s=",
      "dev": true,
      "license": "MIT",
      "engines": {
        "node": ">= 8"
      }
    }
  }
}
